
Microsoft Visual Studio Solution File, Format Version 12.00
# Visual Studio Version 17
VisualStudioVersion = 17.9.34728.123
MinimumVisualStudioVersion = 10.0.40219.1
Project("{FAE04EC0-301F-11D3-BF4B-00C04F79EFBC}") = "Simulacro de examen", "Simulacro de examen\Simulacro de examen.csproj", "{BA8B53C5-458A-4405-81B0-80C4B1313350}"
EndProject
Global
	GlobalSection(SolutionConfigurationPlatforms) = preSolution
		Debug|Any CPU = Debug|Any CPU
		Release|Any CPU = Release|Any CPU
	EndGlobalSection
	GlobalSection(ProjectConfigurationPlatforms) = postSolution
		{BA8B53C5-458A-4405-81B0-80C4B1313350}.Debug|Any CPU.ActiveCfg = Debug|Any CPU
		{BA8B53C5-458A-4405-81B0-80C4B1313350}.Debug|Any CPU.Build.0 = Debug|Any CPU
		{BA8B53C5-458A-4405-81B0-80C4B1313350}.Release|Any CPU.ActiveCfg = Release|Any CPU
		{BA8B53C5-458A-4405-81B0-80C4B1313350}.Release|Any CPU.Build.0 = Release|Any CPU
	EndGlobalSection
	GlobalSection(SolutionProperties) = preSolution
		HideSolutionNode = FALSE
	EndGlobalSection
	GlobalSection(ExtensibilityGlobals) = postSolution
		SolutionGuid = {E22537EC-C028-4E25-9DB8-269BD214CF30}
	EndGlobalSection
EndGlobal
